{
  "nodes": {
    "flake-utils": {
      "inputs": {
        "systems": "systems"
      },
      "locked": {
        "lastModified": 1689068808,
        "narHash": "sha256-6ixXo3wt24N/melDWjq70UuHQLxGV8jZvooRanIHXw0=",
        "owner": "numtide",
        "repo": "flake-utils",
        "rev": "919d646de7be200f3bf08cb76ae1f09402b6f9b4",
        "type": "github"
      },
      "original": {
        "owner": "numtide",
        "repo": "flake-utils",
        "type": "github"
      }
    },
    "home-manager": {
      "inputs": {
        "nixpkgs": [
          "nixpkgs"
        ]
      },
      "locked": {
        "lastModified": 1704311514,
        "narHash": "sha256-j6JsfCv31bW7LzV06q2L/27QZ4k1Zq7lEq2AR9R150A=",
        "owner": "nix-community",
        "repo": "home-manager",
        "rev": "fcbc70a7ee064f2b65dc1fac1717ca2a9813bbe6",
        "type": "github"
      },
      "original": {
        "owner": "nix-community",
        "repo": "home-manager",
        "type": "github"
      }
    },
    "nix-darwin": {
      "inputs": {
        "nixpkgs": [
          "nixpkgs"
        ]
      },
      "locked": {
        "lastModified": 1704277720,
        "narHash": "sha256-meAKNgmh3goankLGWqqpw73pm9IvXjEENJloF0coskE=",
        "owner": "LnL7",
        "repo": "nix-darwin",
        "rev": "0dd382b70c351f528561f71a0a7df82c9d2be9a4",
        "type": "github"
      },
      "original": {
        "owner": "LnL7",
        "repo": "nix-darwin",
        "type": "github"
      }
    },
    "nix-github-actions": {
      "inputs": {
        "nixpkgs": [
          "nixneovimplugins",
          "poetry2nix",
          "nixpkgs"
        ]
      },
      "locked": {
        "lastModified": 1688870561,
        "narHash": "sha256-4UYkifnPEw1nAzqqPOTL2MvWtm3sNGw1UTYTalkTcGY=",
        "owner": "nix-community",
        "repo": "nix-github-actions",
        "rev": "165b1650b753316aa7f1787f3005a8d2da0f5301",
        "type": "github"
      },
      "original": {
        "owner": "nix-community",
        "repo": "nix-github-actions",
        "type": "github"
      }
    },
    "nixneovimplugins": {
      "inputs": {
        "flake-utils": "flake-utils",
        "nixpkgs": "nixpkgs",
        "poetry2nix": "poetry2nix"
      },
      "locked": {
        "lastModified": 1704032297,
        "narHash": "sha256-+Ea0qzHtSKHV7KOTfllIYPRXwVMkAb0JJawmG+23xMc=",
        "owner": "jooooscha",
        "repo": "nixpkgs-vim-extra-plugins",
        "rev": "5069c64483567d75e97c8c944d6dc78ad8301331",
        "type": "github"
      },
      "original": {
        "owner": "jooooscha",
        "repo": "nixpkgs-vim-extra-plugins",
        "type": "github"
      }
    },
    "nixpkgs": {
      "locked": {
        "lastModified": 1689844446,
        "narHash": "sha256-ud/6XYWbXFAJuTTApWyYlFtlc54NAxChS1T9Ns+qT7M=",
        "owner": "NixOS",
        "repo": "nixpkgs",
        "rev": "2d82894fa1e2d23a22f40275a78bfbb09b92ffde",
        "type": "github"
      },
      "original": {
        "owner": "NixOS",
        "ref": "nixpkgs-unstable",
        "repo": "nixpkgs",
        "type": "github"
      }
    },
    "nixpkgs_2": {
      "locked": {
        "lastModified": 1704008649,
        "narHash": "sha256-rGPSWjXTXTurQN9beuHdyJhB8O761w1Zc5BqSSmHvoM=",
        "owner": "NixOS",
        "repo": "nixpkgs",
        "rev": "d44d59d2b5bd694cd9d996fd8c51d03e3e9ba7f7",
        "type": "github"
      },
      "original": {
        "owner": "NixOS",
        "ref": "nixpkgs-unstable",
        "repo": "nixpkgs",
        "type": "github"
      }
    },
    "poetry2nix": {
      "inputs": {
        "flake-utils": [
          "nixneovimplugins",
          "flake-utils"
        ],
        "nix-github-actions": "nix-github-actions",
        "nixpkgs": [
          "nixneovimplugins",
          "nixpkgs"
        ]
      },
      "locked": {
        "lastModified": 1689849924,
        "narHash": "sha256-d259Z2S7CS7Na04qQNQ6LYQILuI7cf4Rpe76qc4mz40=",
        "owner": "nix-community",
        "repo": "poetry2nix",
        "rev": "1d7eda9336f336392d24e9602be5cb9be7ae405c",
        "type": "github"
      },
      "original": {
        "owner": "nix-community",
        "repo": "poetry2nix",
        "type": "github"
      }
    },
    "root": {
      "inputs": {
        "home-manager": "home-manager",
        "nix-darwin": "nix-darwin",
        "nixneovimplugins": "nixneovimplugins",
        "nixpkgs": "nixpkgs_2"
      }
    },
    "systems": {
      "locked": {
        "lastModified": 1681028828,
        "narHash": "sha256-Vy1rq5AaRuLzOxct8nz4T6wlgyUR7zLU309k9mBC768=",
        "owner": "nix-systems",
        "repo": "default",
        "rev": "da67096a3b9bf56a91d16901293e51ba5b49a27e",
        "type": "github"
      },
      "original": {
        "owner": "nix-systems",
        "repo": "default",
        "type": "github"
      }
    }
  },
  "root": "root",
  "version": 7
}
